
Microsoft Visual Studio Solution File, Format Version 12.00
# Visual Studio Version 16
VisualStudioVersion = 16.0.29020.237
MinimumVisualStudioVersion = 10.0.40219.1
Project("{9A19103F-16F7-4668-BE54-9A1E7A4F7556}") = "CaptchaGameNetCore", "CaptchaGameNetCore\CaptchaGameNetCore.csproj", "{3C36AD58-D5D0-4578-8BD6-DD5487600843}"
EndProject
Global
	GlobalSection(SolutionConfigurationPlatforms) = preSolution
		Debug|Any CPU = Debug|Any CPU
		Release|Any CPU = Release|Any CPU
	EndGlobalSection
	GlobalSection(ProjectConfigurationPlatforms) = postSolution
		{3C36AD58-D5D0-4578-8BD6-DD5487600843}.Debug|Any CPU.ActiveCfg = Debug|Any CPU
		{3C36AD58-D5D0-4578-8BD6-DD5487600843}.Debug|Any CPU.Build.0 = Debug|Any CPU
		{3C36AD58-D5D0-4578-8BD6-DD5487600843}.Release|Any CPU.ActiveCfg = Release|Any CPU
		{3C36AD58-D5D0-4578-8BD6-DD5487600843}.Release|Any CPU.Build.0 = Release|Any CPU
	EndGlobalSection
	GlobalSection(SolutionProperties) = preSolution
		HideSolutionNode = FALSE
	EndGlobalSection
	GlobalSection(ExtensibilityGlobals) = postSolution
		SolutionGuid = {3AE204D3-26B5-4B71-90F8-35486EC7590E}
	EndGlobalSection
EndGlobal
